// !$*UTF8*$!
{
	archiveVersion = 1;
	classes = {
	};
	objectVersion = 46;
	objects = {

/* Begin PBXBuildFile section */
<<<<<<< HEAD
		9CB561E98FFE045A9C1A06F5 /* libPods.a in Frameworks */ = {isa = PBXBuildFile; fileRef = 050ABDABED4AEBA2295EA98B /* libPods.a */; };
		CD110FC91CBF3F3C00FCA6DC /* Model.xcdatamodeld in Sources */ = {isa = PBXBuildFile; fileRef = CD110FC71CBF3F3C00FCA6DC /* Model.xcdatamodeld */; };
=======
		CD110FC91CBF3F3C00FCA6DC /* Model.xcdatamodeld in Sources */ = {isa = PBXBuildFile; fileRef = CD110FC71CBF3F3C00FCA6DC /* Model.xcdatamodeld */; };
		CD110FCD1CBF441300FCA6DC /* LoginController.m in Sources */ = {isa = PBXBuildFile; fileRef = CD110FCC1CBF441300FCA6DC /* LoginController.m */; };
>>>>>>> 5ca1fb94553c8ce7da9c7f13dd51f704bb7035d5
		CD110FD11CBF447300FCA6DC /* TestCoredataController.m in Sources */ = {isa = PBXBuildFile; fileRef = CD110FD01CBF447300FCA6DC /* TestCoredataController.m */; };
		CD110FD61CBF495F00FCA6DC /* RegisterEntity+CoreDataProperties.m in Sources */ = {isa = PBXBuildFile; fileRef = CD110FD31CBF495F00FCA6DC /* RegisterEntity+CoreDataProperties.m */; };
		CD110FD71CBF495F00FCA6DC /* RegisterEntity.m in Sources */ = {isa = PBXBuildFile; fileRef = CD110FD51CBF495F00FCA6DC /* RegisterEntity.m */; };
		CD125C2F1CAF4F7D00388AE8 /* Home.storyboard in Resources */ = {isa = PBXBuildFile; fileRef = CD125C2E1CAF4F7D00388AE8 /* Home.storyboard */; };
		CD125C311CAF4F9100388AE8 /* Contacts.storyboard in Resources */ = {isa = PBXBuildFile; fileRef = CD125C301CAF4F9100388AE8 /* Contacts.storyboard */; };
		CD125C331CAF4FBA00388AE8 /* Discovery.storyboard in Resources */ = {isa = PBXBuildFile; fileRef = CD125C321CAF4FBA00388AE8 /* Discovery.storyboard */; };
		CD125C351CAF4FCC00388AE8 /* Me.storyboard in Resources */ = {isa = PBXBuildFile; fileRef = CD125C341CAF4FCC00388AE8 /* Me.storyboard */; };
		CD125C3A1CAF508800388AE8 /* MainController.m in Sources */ = {isa = PBXBuildFile; fileRef = CD125C391CAF508800388AE8 /* MainController.m */; };
		CD125C3C1CAF575100388AE8 /* Calendar.storyboard in Resources */ = {isa = PBXBuildFile; fileRef = CD125C3B1CAF575100388AE8 /* Calendar.storyboard */; };
		CD125C521CAF5A7A00388AE8 /* HomeController.m in Sources */ = {isa = PBXBuildFile; fileRef = CD125C511CAF5A7A00388AE8 /* HomeController.m */; };
		CD125C551CAF5A9600388AE8 /* ContactsController.m in Sources */ = {isa = PBXBuildFile; fileRef = CD125C541CAF5A9600388AE8 /* ContactsController.m */; };
		CD125C581CAF5AB000388AE8 /* CalendarController.m in Sources */ = {isa = PBXBuildFile; fileRef = CD125C571CAF5AB000388AE8 /* CalendarController.m */; };
		CD125C5B1CAF5ACC00388AE8 /* DiscoveryController.m in Sources */ = {isa = PBXBuildFile; fileRef = CD125C5A1CAF5ACC00388AE8 /* DiscoveryController.m */; };
		CD125C5E1CAF5ADE00388AE8 /* MeController.m in Sources */ = {isa = PBXBuildFile; fileRef = CD125C5D1CAF5ADE00388AE8 /* MeController.m */; };
		CD5427931CAC0324003543AE /* main.m in Sources */ = {isa = PBXBuildFile; fileRef = CD5427921CAC0324003543AE /* main.m */; };
		CD5427961CAC0324003543AE /* AppDelegate.m in Sources */ = {isa = PBXBuildFile; fileRef = CD5427951CAC0324003543AE /* AppDelegate.m */; };
		CD54279C1CAC0324003543AE /* Main.storyboard in Resources */ = {isa = PBXBuildFile; fileRef = CD54279A1CAC0324003543AE /* Main.storyboard */; };
		CD54279E1CAC0324003543AE /* Assets.xcassets in Resources */ = {isa = PBXBuildFile; fileRef = CD54279D1CAC0324003543AE /* Assets.xcassets */; };
		CD5427A11CAC0324003543AE /* LaunchScreen.storyboard in Resources */ = {isa = PBXBuildFile; fileRef = CD54279F1CAC0324003543AE /* LaunchScreen.storyboard */; };
		CDF95AFD1CC4E3A900E6416B /* RegisterController.m in Sources */ = {isa = PBXBuildFile; fileRef = CDF95AFC1CC4E3A900E6416B /* RegisterController.m */; };
<<<<<<< HEAD
		E22FD6481CCE36AE0060480A /* HttpController.m in Sources */ = {isa = PBXBuildFile; fileRef = E22FD6471CCE36AE0060480A /* HttpController.m */; };
		E2FCB4B21CCF7DAB00790B16 /* HttpService.m in Sources */ = {isa = PBXBuildFile; fileRef = E2FCB4B11CCF7DAB00790B16 /* HttpService.m */; };
		E2FCB4B81CCF7EF100790B16 /* Common.m in Sources */ = {isa = PBXBuildFile; fileRef = E2FCB4B71CCF7EF100790B16 /* Common.m */; };
		E2FCB4BC1CCF82F600790B16 /* CacheUser.m in Sources */ = {isa = PBXBuildFile; fileRef = E2FCB4BB1CCF82F600790B16 /* CacheUser.m */; };
		E2FCB4C01CCF834200790B16 /* GlobalData.m in Sources */ = {isa = PBXBuildFile; fileRef = E2FCB4BF1CCF834200790B16 /* GlobalData.m */; };
		E2FCB4C91CCFD30300790B16 /* LoginController.m in Sources */ = {isa = PBXBuildFile; fileRef = E2FCB4C81CCFD30300790B16 /* LoginController.m */; };
		E2FCB4CD1CCFD59A00790B16 /* WYXCBaseResp.m in Sources */ = {isa = PBXBuildFile; fileRef = E2FCB4CC1CCFD59A00790B16 /* WYXCBaseResp.m */; };
		E2FCB4D01CCFD66900790B16 /* LoginService.m in Sources */ = {isa = PBXBuildFile; fileRef = E2FCB4CF1CCFD66900790B16 /* LoginService.m */; };
		E2FCB4D31CCFE51C00790B16 /* LoginResp.m in Sources */ = {isa = PBXBuildFile; fileRef = E2FCB4D21CCFE51C00790B16 /* LoginResp.m */; };
/* End PBXBuildFile section */

/* Begin PBXFileReference section */
		050ABDABED4AEBA2295EA98B /* libPods.a */ = {isa = PBXFileReference; explicitFileType = archive.ar; includeInIndex = 0; path = libPods.a; sourceTree = BUILT_PRODUCTS_DIR; };
		124467268DC3A3F3D667D62E /* Pods.debug.xcconfig */ = {isa = PBXFileReference; includeInIndex = 1; lastKnownFileType = text.xcconfig; name = Pods.debug.xcconfig; path = "Pods/Target Support Files/Pods/Pods.debug.xcconfig"; sourceTree = "<group>"; };
		96E86BF82D20CD5D4236D26E /* Pods.release.xcconfig */ = {isa = PBXFileReference; includeInIndex = 1; lastKnownFileType = text.xcconfig; name = Pods.release.xcconfig; path = "Pods/Target Support Files/Pods/Pods.release.xcconfig"; sourceTree = "<group>"; };
		CD110FC81CBF3F3C00FCA6DC /* Model.xcdatamodel */ = {isa = PBXFileReference; lastKnownFileType = wrapper.xcdatamodel; path = Model.xcdatamodel; sourceTree = "<group>"; };
=======
/* End PBXBuildFile section */

/* Begin PBXFileReference section */
		CD110FC81CBF3F3C00FCA6DC /* Model.xcdatamodel */ = {isa = PBXFileReference; lastKnownFileType = wrapper.xcdatamodel; path = Model.xcdatamodel; sourceTree = "<group>"; };
		CD110FCB1CBF441300FCA6DC /* LoginController.h */ = {isa = PBXFileReference; fileEncoding = 4; lastKnownFileType = sourcecode.c.h; path = LoginController.h; sourceTree = "<group>"; };
		CD110FCC1CBF441300FCA6DC /* LoginController.m */ = {isa = PBXFileReference; fileEncoding = 4; lastKnownFileType = sourcecode.c.objc; path = LoginController.m; sourceTree = "<group>"; };
>>>>>>> 5ca1fb94553c8ce7da9c7f13dd51f704bb7035d5
		CD110FCF1CBF447300FCA6DC /* TestCoredataController.h */ = {isa = PBXFileReference; fileEncoding = 4; lastKnownFileType = sourcecode.c.h; path = TestCoredataController.h; sourceTree = "<group>"; };
		CD110FD01CBF447300FCA6DC /* TestCoredataController.m */ = {isa = PBXFileReference; fileEncoding = 4; lastKnownFileType = sourcecode.c.objc; path = TestCoredataController.m; sourceTree = "<group>"; };
		CD110FD21CBF495F00FCA6DC /* RegisterEntity+CoreDataProperties.h */ = {isa = PBXFileReference; fileEncoding = 4; lastKnownFileType = sourcecode.c.h; path = "RegisterEntity+CoreDataProperties.h"; sourceTree = "<group>"; };
		CD110FD31CBF495F00FCA6DC /* RegisterEntity+CoreDataProperties.m */ = {isa = PBXFileReference; fileEncoding = 4; lastKnownFileType = sourcecode.c.objc; path = "RegisterEntity+CoreDataProperties.m"; sourceTree = "<group>"; };
		CD110FD41CBF495F00FCA6DC /* RegisterEntity.h */ = {isa = PBXFileReference; fileEncoding = 4; lastKnownFileType = sourcecode.c.h; path = RegisterEntity.h; sourceTree = "<group>"; };
		CD110FD51CBF495F00FCA6DC /* RegisterEntity.m */ = {isa = PBXFileReference; fileEncoding = 4; lastKnownFileType = sourcecode.c.objc; path = RegisterEntity.m; sourceTree = "<group>"; };
		CD125C2E1CAF4F7D00388AE8 /* Home.storyboard */ = {isa = PBXFileReference; fileEncoding = 4; lastKnownFileType = file.storyboard; path = Home.storyboard; sourceTree = "<group>"; };
		CD125C301CAF4F9100388AE8 /* Contacts.storyboard */ = {isa = PBXFileReference; fileEncoding = 4; lastKnownFileType = file.storyboard; path = Contacts.storyboard; sourceTree = "<group>"; };
		CD125C321CAF4FBA00388AE8 /* Discovery.storyboard */ = {isa = PBXFileReference; fileEncoding = 4; lastKnownFileType = file.storyboard; path = Discovery.storyboard; sourceTree = "<group>"; };
		CD125C341CAF4FCC00388AE8 /* Me.storyboard */ = {isa = PBXFileReference; fileEncoding = 4; lastKnownFileType = file.storyboard; path = Me.storyboard; sourceTree = "<group>"; };
		CD125C381CAF508800388AE8 /* MainController.h */ = {isa = PBXFileReference; fileEncoding = 4; lastKnownFileType = sourcecode.c.h; path = MainController.h; sourceTree = "<group>"; };
		CD125C391CAF508800388AE8 /* MainController.m */ = {isa = PBXFileReference; fileEncoding = 4; lastKnownFileType = sourcecode.c.objc; path = MainController.m; sourceTree = "<group>"; };
		CD125C3B1CAF575100388AE8 /* Calendar.storyboard */ = {isa = PBXFileReference; fileEncoding = 4; lastKnownFileType = file.storyboard; path = Calendar.storyboard; sourceTree = "<group>"; };
		CD125C501CAF5A7A00388AE8 /* HomeController.h */ = {isa = PBXFileReference; fileEncoding = 4; lastKnownFileType = sourcecode.c.h; path = HomeController.h; sourceTree = "<group>"; };
		CD125C511CAF5A7A00388AE8 /* HomeController.m */ = {isa = PBXFileReference; fileEncoding = 4; lastKnownFileType = sourcecode.c.objc; path = HomeController.m; sourceTree = "<group>"; };
		CD125C531CAF5A9600388AE8 /* ContactsController.h */ = {isa = PBXFileReference; fileEncoding = 4; lastKnownFileType = sourcecode.c.h; path = ContactsController.h; sourceTree = "<group>"; };
		CD125C541CAF5A9600388AE8 /* ContactsController.m */ = {isa = PBXFileReference; fileEncoding = 4; lastKnownFileType = sourcecode.c.objc; path = ContactsController.m; sourceTree = "<group>"; };
		CD125C561CAF5AB000388AE8 /* CalendarController.h */ = {isa = PBXFileReference; fileEncoding = 4; lastKnownFileType = sourcecode.c.h; path = CalendarController.h; sourceTree = "<group>"; };
		CD125C571CAF5AB000388AE8 /* CalendarController.m */ = {isa = PBXFileReference; fileEncoding = 4; lastKnownFileType = sourcecode.c.objc; path = CalendarController.m; sourceTree = "<group>"; };
		CD125C591CAF5ACC00388AE8 /* DiscoveryController.h */ = {isa = PBXFileReference; fileEncoding = 4; lastKnownFileType = sourcecode.c.h; path = DiscoveryController.h; sourceTree = "<group>"; };
		CD125C5A1CAF5ACC00388AE8 /* DiscoveryController.m */ = {isa = PBXFileReference; fileEncoding = 4; lastKnownFileType = sourcecode.c.objc; path = DiscoveryController.m; sourceTree = "<group>"; };
		CD125C5C1CAF5ADE00388AE8 /* MeController.h */ = {isa = PBXFileReference; fileEncoding = 4; lastKnownFileType = sourcecode.c.h; path = MeController.h; sourceTree = "<group>"; };
		CD125C5D1CAF5ADE00388AE8 /* MeController.m */ = {isa = PBXFileReference; fileEncoding = 4; lastKnownFileType = sourcecode.c.objc; path = MeController.m; sourceTree = "<group>"; };
		CD54278E1CAC0324003543AE /* wyxc.app */ = {isa = PBXFileReference; explicitFileType = wrapper.application; includeInIndex = 0; path = wyxc.app; sourceTree = BUILT_PRODUCTS_DIR; };
		CD5427921CAC0324003543AE /* main.m */ = {isa = PBXFileReference; lastKnownFileType = sourcecode.c.objc; path = main.m; sourceTree = "<group>"; };
		CD5427941CAC0324003543AE /* AppDelegate.h */ = {isa = PBXFileReference; lastKnownFileType = sourcecode.c.h; path = AppDelegate.h; sourceTree = "<group>"; };
		CD5427951CAC0324003543AE /* AppDelegate.m */ = {isa = PBXFileReference; lastKnownFileType = sourcecode.c.objc; path = AppDelegate.m; sourceTree = "<group>"; };
		CD54279B1CAC0324003543AE /* Base */ = {isa = PBXFileReference; lastKnownFileType = file.storyboard; name = Base; path = Base.lproj/Main.storyboard; sourceTree = "<group>"; };
		CD54279D1CAC0324003543AE /* Assets.xcassets */ = {isa = PBXFileReference; lastKnownFileType = folder.assetcatalog; path = Assets.xcassets; sourceTree = "<group>"; };
		CD5427A01CAC0324003543AE /* Base */ = {isa = PBXFileReference; lastKnownFileType = file.storyboard; name = Base; path = Base.lproj/LaunchScreen.storyboard; sourceTree = "<group>"; };
		CD5427A21CAC0324003543AE /* Info.plist */ = {isa = PBXFileReference; lastKnownFileType = text.plist.xml; path = Info.plist; sourceTree = "<group>"; };
		CDE3947A1CC09D610079FB2E /* PrefixHeader.pch */ = {isa = PBXFileReference; lastKnownFileType = sourcecode.c.h; path = PrefixHeader.pch; sourceTree = "<group>"; };
		CDF95AFB1CC4E3A900E6416B /* RegisterController.h */ = {isa = PBXFileReference; fileEncoding = 4; lastKnownFileType = sourcecode.c.h; path = RegisterController.h; sourceTree = "<group>"; };
		CDF95AFC1CC4E3A900E6416B /* RegisterController.m */ = {isa = PBXFileReference; fileEncoding = 4; lastKnownFileType = sourcecode.c.objc; path = RegisterController.m; sourceTree = "<group>"; };
<<<<<<< HEAD
		E22FD6461CCE36AE0060480A /* HttpController.h */ = {isa = PBXFileReference; fileEncoding = 4; lastKnownFileType = sourcecode.c.h; path = HttpController.h; sourceTree = "<group>"; };
		E22FD6471CCE36AE0060480A /* HttpController.m */ = {isa = PBXFileReference; fileEncoding = 4; lastKnownFileType = sourcecode.c.objc; path = HttpController.m; sourceTree = "<group>"; };
		E2FCB4B01CCF7DAB00790B16 /* HttpService.h */ = {isa = PBXFileReference; fileEncoding = 4; lastKnownFileType = sourcecode.c.h; path = HttpService.h; sourceTree = "<group>"; };
		E2FCB4B11CCF7DAB00790B16 /* HttpService.m */ = {isa = PBXFileReference; fileEncoding = 4; lastKnownFileType = sourcecode.c.objc; path = HttpService.m; sourceTree = "<group>"; };
		E2FCB4B61CCF7EF100790B16 /* Common.h */ = {isa = PBXFileReference; fileEncoding = 4; lastKnownFileType = sourcecode.c.h; path = Common.h; sourceTree = "<group>"; };
		E2FCB4B71CCF7EF100790B16 /* Common.m */ = {isa = PBXFileReference; fileEncoding = 4; lastKnownFileType = sourcecode.c.objc; path = Common.m; sourceTree = "<group>"; };
		E2FCB4BA1CCF82F600790B16 /* CacheUser.h */ = {isa = PBXFileReference; fileEncoding = 4; lastKnownFileType = sourcecode.c.h; path = CacheUser.h; sourceTree = "<group>"; };
		E2FCB4BB1CCF82F600790B16 /* CacheUser.m */ = {isa = PBXFileReference; fileEncoding = 4; lastKnownFileType = sourcecode.c.objc; path = CacheUser.m; sourceTree = "<group>"; };
		E2FCB4BE1CCF834200790B16 /* GlobalData.h */ = {isa = PBXFileReference; fileEncoding = 4; lastKnownFileType = sourcecode.c.h; path = GlobalData.h; sourceTree = "<group>"; };
		E2FCB4BF1CCF834200790B16 /* GlobalData.m */ = {isa = PBXFileReference; fileEncoding = 4; lastKnownFileType = sourcecode.c.objc; path = GlobalData.m; sourceTree = "<group>"; };
		E2FCB4C71CCFD30300790B16 /* LoginController.h */ = {isa = PBXFileReference; fileEncoding = 4; lastKnownFileType = sourcecode.c.h; name = LoginController.h; path = ../LoginController.h; sourceTree = "<group>"; };
		E2FCB4C81CCFD30300790B16 /* LoginController.m */ = {isa = PBXFileReference; fileEncoding = 4; lastKnownFileType = sourcecode.c.objc; name = LoginController.m; path = ../LoginController.m; sourceTree = "<group>"; };
		E2FCB4CB1CCFD59A00790B16 /* WYXCBaseResp.h */ = {isa = PBXFileReference; fileEncoding = 4; lastKnownFileType = sourcecode.c.h; path = WYXCBaseResp.h; sourceTree = "<group>"; };
		E2FCB4CC1CCFD59A00790B16 /* WYXCBaseResp.m */ = {isa = PBXFileReference; fileEncoding = 4; lastKnownFileType = sourcecode.c.objc; path = WYXCBaseResp.m; sourceTree = "<group>"; };
		E2FCB4CE1CCFD66900790B16 /* LoginService.h */ = {isa = PBXFileReference; fileEncoding = 4; lastKnownFileType = sourcecode.c.h; path = LoginService.h; sourceTree = "<group>"; };
		E2FCB4CF1CCFD66900790B16 /* LoginService.m */ = {isa = PBXFileReference; fileEncoding = 4; lastKnownFileType = sourcecode.c.objc; path = LoginService.m; sourceTree = "<group>"; };
		E2FCB4D11CCFE51C00790B16 /* LoginResp.h */ = {isa = PBXFileReference; fileEncoding = 4; lastKnownFileType = sourcecode.c.h; path = LoginResp.h; sourceTree = "<group>"; };
		E2FCB4D21CCFE51C00790B16 /* LoginResp.m */ = {isa = PBXFileReference; fileEncoding = 4; lastKnownFileType = sourcecode.c.objc; path = LoginResp.m; sourceTree = "<group>"; };
=======
>>>>>>> 5ca1fb94553c8ce7da9c7f13dd51f704bb7035d5
/* End PBXFileReference section */

/* Begin PBXFrameworksBuildPhase section */
		CD54278B1CAC0324003543AE /* Frameworks */ = {
			isa = PBXFrameworksBuildPhase;
			buildActionMask = 2147483647;
			files = (
<<<<<<< HEAD
				9CB561E98FFE045A9C1A06F5 /* libPods.a in Frameworks */,
=======
>>>>>>> 5ca1fb94553c8ce7da9c7f13dd51f704bb7035d5
			);
			runOnlyForDeploymentPostprocessing = 0;
		};
/* End PBXFrameworksBuildPhase section */

/* Begin PBXGroup section */
<<<<<<< HEAD
		AB1E0F43CA9B8A22C4A08E3C /* Pods */ = {
			isa = PBXGroup;
			children = (
				124467268DC3A3F3D667D62E /* Pods.debug.xcconfig */,
				96E86BF82D20CD5D4236D26E /* Pods.release.xcconfig */,
			);
			name = Pods;
			sourceTree = "<group>";
		};
		B03F2D9C99F203E5605BED75 /* Frameworks */ = {
			isa = PBXGroup;
			children = (
				050ABDABED4AEBA2295EA98B /* libPods.a */,
			);
			name = Frameworks;
			sourceTree = "<group>";
		};
=======
>>>>>>> 5ca1fb94553c8ce7da9c7f13dd51f704bb7035d5
		CD110FCE1CBF444A00FCA6DC /* TestCoredata */ = {
			isa = PBXGroup;
			children = (
				CD110FCF1CBF447300FCA6DC /* TestCoredataController.h */,
				CD110FD01CBF447300FCA6DC /* TestCoredataController.m */,
			);
			name = TestCoredata;
			sourceTree = "<group>";
		};
		CD125C2C1CAF4E8400388AE8 /* Contacts */ = {
			isa = PBXGroup;
			children = (
				CD125C491CAF58AC00388AE8 /* Modal */,
				CD125C481CAF58A600388AE8 /* View */,
				CD125C421CAF584B00388AE8 /* Controller */,
			);
			name = Contacts;
			sourceTree = "<group>";
		};
		CD125C2D1CAF4F3400388AE8 /* Storyboards */ = {
			isa = PBXGroup;
			children = (
				CD125C2E1CAF4F7D00388AE8 /* Home.storyboard */,
				CD125C301CAF4F9100388AE8 /* Contacts.storyboard */,
				CD125C321CAF4FBA00388AE8 /* Discovery.storyboard */,
				CD125C341CAF4FCC00388AE8 /* Me.storyboard */,
				CD125C3B1CAF575100388AE8 /* Calendar.storyboard */,
			);
			name = Storyboards;
			sourceTree = "<group>";
		};
		CD125C361CAF501500388AE8 /* Main */ = {
			isa = PBXGroup;
			children = (
				CD125C371CAF505200388AE8 /* Controller */,
			);
			name = Main;
			sourceTree = "<group>";
		};
		CD125C371CAF505200388AE8 /* Controller */ = {
			isa = PBXGroup;
			children = (
				CD125C381CAF508800388AE8 /* MainController.h */,
				CD125C391CAF508800388AE8 /* MainController.m */,
			);
			name = Controller;
			sourceTree = "<group>";
		};
		CD125C3D1CAF57B400388AE8 /* Calendar */ = {
			isa = PBXGroup;
			children = (
				CD125C4B1CAF58BC00388AE8 /* Modal */,
				CD125C4A1CAF58B400388AE8 /* View */,
				CD125C431CAF585A00388AE8 /* Controller */,
			);
			name = Calendar;
			sourceTree = "<group>";
		};
		CD125C411CAF583300388AE8 /* Controller */ = {
			isa = PBXGroup;
			children = (
				CD125C501CAF5A7A00388AE8 /* HomeController.h */,
				CD125C511CAF5A7A00388AE8 /* HomeController.m */,
			);
			name = Controller;
			sourceTree = "<group>";
		};
		CD125C421CAF584B00388AE8 /* Controller */ = {
			isa = PBXGroup;
			children = (
				CD125C531CAF5A9600388AE8 /* ContactsController.h */,
				CD125C541CAF5A9600388AE8 /* ContactsController.m */,
			);
			name = Controller;
			sourceTree = "<group>";
		};
		CD125C431CAF585A00388AE8 /* Controller */ = {
			isa = PBXGroup;
			children = (
				CD125C561CAF5AB000388AE8 /* CalendarController.h */,
				CD125C571CAF5AB000388AE8 /* CalendarController.m */,
			);
			name = Controller;
			sourceTree = "<group>";
		};
		CD125C441CAF586300388AE8 /* Controller */ = {
			isa = PBXGroup;
			children = (
				CD125C591CAF5ACC00388AE8 /* DiscoveryController.h */,
				CD125C5A1CAF5ACC00388AE8 /* DiscoveryController.m */,
			);
			name = Controller;
			sourceTree = "<group>";
		};
		CD125C451CAF586D00388AE8 /* Controller */ = {
			isa = PBXGroup;
			children = (
				CD125C5C1CAF5ADE00388AE8 /* MeController.h */,
				CD125C5D1CAF5ADE00388AE8 /* MeController.m */,
			);
			name = Controller;
			sourceTree = "<group>";
		};
		CD125C461CAF588E00388AE8 /* View */ = {
			isa = PBXGroup;
			children = (
			);
			name = View;
			sourceTree = "<group>";
		};
		CD125C471CAF589B00388AE8 /* Modal */ = {
			isa = PBXGroup;
			children = (
			);
			name = Modal;
			sourceTree = "<group>";
		};
		CD125C481CAF58A600388AE8 /* View */ = {
			isa = PBXGroup;
			children = (
			);
			name = View;
			sourceTree = "<group>";
		};
		CD125C491CAF58AC00388AE8 /* Modal */ = {
			isa = PBXGroup;
			children = (
			);
			name = Modal;
			sourceTree = "<group>";
		};
		CD125C4A1CAF58B400388AE8 /* View */ = {
			isa = PBXGroup;
			children = (
			);
			name = View;
			sourceTree = "<group>";
		};
		CD125C4B1CAF58BC00388AE8 /* Modal */ = {
			isa = PBXGroup;
			children = (
			);
			name = Modal;
			sourceTree = "<group>";
		};
		CD125C4C1CAF58C500388AE8 /* View */ = {
			isa = PBXGroup;
			children = (
			);
			name = View;
			sourceTree = "<group>";
		};
		CD125C4D1CAF58CB00388AE8 /* Modal */ = {
			isa = PBXGroup;
			children = (
			);
			name = Modal;
			sourceTree = "<group>";
		};
		CD125C4E1CAF58D200388AE8 /* View */ = {
			isa = PBXGroup;
			children = (
			);
			name = View;
			sourceTree = "<group>";
		};
		CD125C4F1CAF58D700388AE8 /* Modal */ = {
			isa = PBXGroup;
			children = (
			);
			name = Modal;
			sourceTree = "<group>";
		};
		CD5427851CAC0324003543AE = {
			isa = PBXGroup;
			children = (
				CD110FD21CBF495F00FCA6DC /* RegisterEntity+CoreDataProperties.h */,
				CD110FD31CBF495F00FCA6DC /* RegisterEntity+CoreDataProperties.m */,
				CD110FD41CBF495F00FCA6DC /* RegisterEntity.h */,
				CD110FD51CBF495F00FCA6DC /* RegisterEntity.m */,
				CD5427901CAC0324003543AE /* wyxc */,
				CD54278F1CAC0324003543AE /* Products */,
<<<<<<< HEAD
				AB1E0F43CA9B8A22C4A08E3C /* Pods */,
				B03F2D9C99F203E5605BED75 /* Frameworks */,
=======
>>>>>>> 5ca1fb94553c8ce7da9c7f13dd51f704bb7035d5
			);
			sourceTree = "<group>";
		};
		CD54278F1CAC0324003543AE /* Products */ = {
			isa = PBXGroup;
			children = (
				CD54278E1CAC0324003543AE /* wyxc.app */,
			);
			name = Products;
			sourceTree = "<group>";
		};
		CD5427901CAC0324003543AE /* wyxc */ = {
			isa = PBXGroup;
			children = (
<<<<<<< HEAD
				E2FCB4C31CCFD2DB00790B16 /* Login */,
				E2FCB4BD1CCF834200790B16 /* Data */,
				E2FCB4B91CCF82F600790B16 /* Cache */,
				E2FCB4A51CCF7D6B00790B16 /* Base */,
				E22FD6421CCE36540060480A /* test */,
=======
>>>>>>> 5ca1fb94553c8ce7da9c7f13dd51f704bb7035d5
				CD110FCE1CBF444A00FCA6DC /* TestCoredata */,
				CD125C2D1CAF4F3400388AE8 /* Storyboards */,
				CD125C361CAF501500388AE8 /* Main */,
				CD5427AB1CAC0C8B003543AE /* Home */,
				CD125C2C1CAF4E8400388AE8 /* Contacts */,
				CD125C3D1CAF57B400388AE8 /* Calendar */,
				CD5427AA1CAC0C6C003543AE /* Discovery */,
				CD5427A91CAC0C5D003543AE /* Me */,
				CDF95AFA1CC4E34000E6416B /* Register */,
<<<<<<< HEAD
=======
				CD5427A81CAC0C20003543AE /* Login */,
>>>>>>> 5ca1fb94553c8ce7da9c7f13dd51f704bb7035d5
				CD5427941CAC0324003543AE /* AppDelegate.h */,
				CD5427951CAC0324003543AE /* AppDelegate.m */,
				CD54279A1CAC0324003543AE /* Main.storyboard */,
				CD54279D1CAC0324003543AE /* Assets.xcassets */,
				CD54279F1CAC0324003543AE /* LaunchScreen.storyboard */,
				CD5427A21CAC0324003543AE /* Info.plist */,
				CD5427911CAC0324003543AE /* Supporting Files */,
				CD110FC71CBF3F3C00FCA6DC /* Model.xcdatamodeld */,
				CDE3947A1CC09D610079FB2E /* PrefixHeader.pch */,
			);
			path = wyxc;
			sourceTree = "<group>";
		};
		CD5427911CAC0324003543AE /* Supporting Files */ = {
			isa = PBXGroup;
			children = (
				CD5427921CAC0324003543AE /* main.m */,
			);
			name = "Supporting Files";
			sourceTree = "<group>";
		};
<<<<<<< HEAD
=======
		CD5427A81CAC0C20003543AE /* Login */ = {
			isa = PBXGroup;
			children = (
				CD110FCB1CBF441300FCA6DC /* LoginController.h */,
				CD110FCC1CBF441300FCA6DC /* LoginController.m */,
			);
			name = Login;
			sourceTree = "<group>";
		};
>>>>>>> 5ca1fb94553c8ce7da9c7f13dd51f704bb7035d5
		CD5427A91CAC0C5D003543AE /* Me */ = {
			isa = PBXGroup;
			children = (
				CD125C4F1CAF58D700388AE8 /* Modal */,
				CD125C4E1CAF58D200388AE8 /* View */,
				CD125C451CAF586D00388AE8 /* Controller */,
			);
			name = Me;
			sourceTree = "<group>";
		};
		CD5427AA1CAC0C6C003543AE /* Discovery */ = {
			isa = PBXGroup;
			children = (
				CD125C4D1CAF58CB00388AE8 /* Modal */,
				CD125C4C1CAF58C500388AE8 /* View */,
				CD125C441CAF586300388AE8 /* Controller */,
			);
			name = Discovery;
			sourceTree = "<group>";
		};
		CD5427AB1CAC0C8B003543AE /* Home */ = {
			isa = PBXGroup;
			children = (
				CD125C471CAF589B00388AE8 /* Modal */,
				CD125C461CAF588E00388AE8 /* View */,
				CD125C411CAF583300388AE8 /* Controller */,
			);
			name = Home;
			sourceTree = "<group>";
		};
		CDF95AFA1CC4E34000E6416B /* Register */ = {
			isa = PBXGroup;
			children = (
				CDF95AFB1CC4E3A900E6416B /* RegisterController.h */,
				CDF95AFC1CC4E3A900E6416B /* RegisterController.m */,
			);
			name = Register;
			sourceTree = "<group>";
		};
<<<<<<< HEAD
		E22FD6421CCE36540060480A /* test */ = {
			isa = PBXGroup;
			children = (
				E22FD6461CCE36AE0060480A /* HttpController.h */,
				E22FD6471CCE36AE0060480A /* HttpController.m */,
			);
			path = test;
			sourceTree = "<group>";
		};
		E2FCB4A51CCF7D6B00790B16 /* Base */ = {
			isa = PBXGroup;
			children = (
				E2FCB4A61CCF7D6B00790B16 /* Common */,
				E2FCB4AD1CCF7D6B00790B16 /* Controllers */,
				E2FCB4AE1CCF7D6B00790B16 /* Models */,
				E2FCB4AF1CCF7D6B00790B16 /* Views */,
			);
			path = Base;
			sourceTree = "<group>";
		};
		E2FCB4A61CCF7D6B00790B16 /* Common */ = {
			isa = PBXGroup;
			children = (
				E2FCB4AB1CCF7D6B00790B16 /* Utils */,
				E2FCB4A81CCF7D6B00790B16 /* Helpers */,
				E2FCB4A71CCF7D6B00790B16 /* Controllers */,
				E2FCB4A91CCF7D6B00790B16 /* Models */,
				E2FCB4AA1CCF7D6B00790B16 /* Services */,
				E2FCB4AC1CCF7D6B00790B16 /* Views */,
				E2FCB4B61CCF7EF100790B16 /* Common.h */,
				E2FCB4B71CCF7EF100790B16 /* Common.m */,
			);
			path = Common;
			sourceTree = "<group>";
		};
		E2FCB4A71CCF7D6B00790B16 /* Controllers */ = {
			isa = PBXGroup;
			children = (
			);
			path = Controllers;
			sourceTree = "<group>";
		};
		E2FCB4A81CCF7D6B00790B16 /* Helpers */ = {
			isa = PBXGroup;
			children = (
			);
			path = Helpers;
			sourceTree = "<group>";
		};
		E2FCB4A91CCF7D6B00790B16 /* Models */ = {
			isa = PBXGroup;
			children = (
			);
			path = Models;
			sourceTree = "<group>";
		};
		E2FCB4AA1CCF7D6B00790B16 /* Services */ = {
			isa = PBXGroup;
			children = (
				E2FCB4B01CCF7DAB00790B16 /* HttpService.h */,
				E2FCB4B11CCF7DAB00790B16 /* HttpService.m */,
			);
			path = Services;
			sourceTree = "<group>";
		};
		E2FCB4AB1CCF7D6B00790B16 /* Utils */ = {
			isa = PBXGroup;
			children = (
			);
			path = Utils;
			sourceTree = "<group>";
		};
		E2FCB4AC1CCF7D6B00790B16 /* Views */ = {
			isa = PBXGroup;
			children = (
			);
			path = Views;
			sourceTree = "<group>";
		};
		E2FCB4AD1CCF7D6B00790B16 /* Controllers */ = {
			isa = PBXGroup;
			children = (
			);
			path = Controllers;
			sourceTree = "<group>";
		};
		E2FCB4AE1CCF7D6B00790B16 /* Models */ = {
			isa = PBXGroup;
			children = (
				E2FCB4CB1CCFD59A00790B16 /* WYXCBaseResp.h */,
				E2FCB4CC1CCFD59A00790B16 /* WYXCBaseResp.m */,
			);
			path = Models;
			sourceTree = "<group>";
		};
		E2FCB4AF1CCF7D6B00790B16 /* Views */ = {
			isa = PBXGroup;
			children = (
			);
			path = Views;
			sourceTree = "<group>";
		};
		E2FCB4B91CCF82F600790B16 /* Cache */ = {
			isa = PBXGroup;
			children = (
				E2FCB4BA1CCF82F600790B16 /* CacheUser.h */,
				E2FCB4BB1CCF82F600790B16 /* CacheUser.m */,
			);
			path = Cache;
			sourceTree = "<group>";
		};
		E2FCB4BD1CCF834200790B16 /* Data */ = {
			isa = PBXGroup;
			children = (
				E2FCB4BE1CCF834200790B16 /* GlobalData.h */,
				E2FCB4BF1CCF834200790B16 /* GlobalData.m */,
			);
			path = Data;
			sourceTree = "<group>";
		};
		E2FCB4C31CCFD2DB00790B16 /* Login */ = {
			isa = PBXGroup;
			children = (
				E2FCB4CA1CCFD49D00790B16 /* Service */,
				E2FCB4C41CCFD2DB00790B16 /* Controller */,
				E2FCB4C51CCFD2DB00790B16 /* Model */,
				E2FCB4C61CCFD2DB00790B16 /* View */,
			);
			path = Login;
			sourceTree = "<group>";
		};
		E2FCB4C41CCFD2DB00790B16 /* Controller */ = {
			isa = PBXGroup;
			children = (
				E2FCB4C71CCFD30300790B16 /* LoginController.h */,
				E2FCB4C81CCFD30300790B16 /* LoginController.m */,
			);
			path = Controller;
			sourceTree = "<group>";
		};
		E2FCB4C51CCFD2DB00790B16 /* Model */ = {
			isa = PBXGroup;
			children = (
				E2FCB4D11CCFE51C00790B16 /* LoginResp.h */,
				E2FCB4D21CCFE51C00790B16 /* LoginResp.m */,
			);
			path = Model;
			sourceTree = "<group>";
		};
		E2FCB4C61CCFD2DB00790B16 /* View */ = {
			isa = PBXGroup;
			children = (
			);
			path = View;
			sourceTree = "<group>";
		};
		E2FCB4CA1CCFD49D00790B16 /* Service */ = {
			isa = PBXGroup;
			children = (
				E2FCB4CE1CCFD66900790B16 /* LoginService.h */,
				E2FCB4CF1CCFD66900790B16 /* LoginService.m */,
			);
			path = Service;
			sourceTree = "<group>";
		};
=======
>>>>>>> 5ca1fb94553c8ce7da9c7f13dd51f704bb7035d5
/* End PBXGroup section */

/* Begin PBXNativeTarget section */
		CD54278D1CAC0324003543AE /* wyxc */ = {
			isa = PBXNativeTarget;
			buildConfigurationList = CD5427A51CAC0324003543AE /* Build configuration list for PBXNativeTarget "wyxc" */;
			buildPhases = (
<<<<<<< HEAD
				3475AFEED9B65136FBDA747A /* Check Pods Manifest.lock */,
				CD54278A1CAC0324003543AE /* Sources */,
				CD54278B1CAC0324003543AE /* Frameworks */,
				CD54278C1CAC0324003543AE /* Resources */,
				657F85CB1DC7B3A470409662 /* Embed Pods Frameworks */,
				2D115F5A0D1459B7535FD077 /* Copy Pods Resources */,
=======
				CD54278A1CAC0324003543AE /* Sources */,
				CD54278B1CAC0324003543AE /* Frameworks */,
				CD54278C1CAC0324003543AE /* Resources */,
>>>>>>> 5ca1fb94553c8ce7da9c7f13dd51f704bb7035d5
			);
			buildRules = (
			);
			dependencies = (
			);
			name = wyxc;
			productName = wyxc;
			productReference = CD54278E1CAC0324003543AE /* wyxc.app */;
			productType = "com.apple.product-type.application";
		};
/* End PBXNativeTarget section */

/* Begin PBXProject section */
		CD5427861CAC0324003543AE /* Project object */ = {
			isa = PBXProject;
			attributes = {
				LastUpgradeCheck = 0720;
				ORGANIZATIONNAME = Fighting;
				TargetAttributes = {
					CD54278D1CAC0324003543AE = {
						CreatedOnToolsVersion = 7.2;
						DevelopmentTeam = L5AJSX72A9;
					};
				};
			};
			buildConfigurationList = CD5427891CAC0324003543AE /* Build configuration list for PBXProject "wyxc" */;
			compatibilityVersion = "Xcode 3.2";
			developmentRegion = English;
			hasScannedForEncodings = 0;
			knownRegions = (
				en,
				Base,
			);
			mainGroup = CD5427851CAC0324003543AE;
			productRefGroup = CD54278F1CAC0324003543AE /* Products */;
			projectDirPath = "";
			projectRoot = "";
			targets = (
				CD54278D1CAC0324003543AE /* wyxc */,
			);
		};
/* End PBXProject section */

/* Begin PBXResourcesBuildPhase section */
		CD54278C1CAC0324003543AE /* Resources */ = {
			isa = PBXResourcesBuildPhase;
			buildActionMask = 2147483647;
			files = (
				CD5427A11CAC0324003543AE /* LaunchScreen.storyboard in Resources */,
				CD54279E1CAC0324003543AE /* Assets.xcassets in Resources */,
				CD125C311CAF4F9100388AE8 /* Contacts.storyboard in Resources */,
				CD54279C1CAC0324003543AE /* Main.storyboard in Resources */,
				CD125C3C1CAF575100388AE8 /* Calendar.storyboard in Resources */,
				CD125C2F1CAF4F7D00388AE8 /* Home.storyboard in Resources */,
				CD125C351CAF4FCC00388AE8 /* Me.storyboard in Resources */,
				CD125C331CAF4FBA00388AE8 /* Discovery.storyboard in Resources */,
			);
			runOnlyForDeploymentPostprocessing = 0;
		};
/* End PBXResourcesBuildPhase section */

<<<<<<< HEAD
/* Begin PBXShellScriptBuildPhase section */
		2D115F5A0D1459B7535FD077 /* Copy Pods Resources */ = {
			isa = PBXShellScriptBuildPhase;
			buildActionMask = 2147483647;
			files = (
			);
			inputPaths = (
			);
			name = "Copy Pods Resources";
			outputPaths = (
			);
			runOnlyForDeploymentPostprocessing = 0;
			shellPath = /bin/sh;
			shellScript = "\"${SRCROOT}/Pods/Target Support Files/Pods/Pods-resources.sh\"\n";
			showEnvVarsInLog = 0;
		};
		3475AFEED9B65136FBDA747A /* Check Pods Manifest.lock */ = {
			isa = PBXShellScriptBuildPhase;
			buildActionMask = 2147483647;
			files = (
			);
			inputPaths = (
			);
			name = "Check Pods Manifest.lock";
			outputPaths = (
			);
			runOnlyForDeploymentPostprocessing = 0;
			shellPath = /bin/sh;
			shellScript = "diff \"${PODS_ROOT}/../Podfile.lock\" \"${PODS_ROOT}/Manifest.lock\" > /dev/null\nif [[ $? != 0 ]] ; then\n    cat << EOM\nerror: The sandbox is not in sync with the Podfile.lock. Run 'pod install' or update your CocoaPods installation.\nEOM\n    exit 1\nfi\n";
			showEnvVarsInLog = 0;
		};
		657F85CB1DC7B3A470409662 /* Embed Pods Frameworks */ = {
			isa = PBXShellScriptBuildPhase;
			buildActionMask = 2147483647;
			files = (
			);
			inputPaths = (
			);
			name = "Embed Pods Frameworks";
			outputPaths = (
			);
			runOnlyForDeploymentPostprocessing = 0;
			shellPath = /bin/sh;
			shellScript = "\"${SRCROOT}/Pods/Target Support Files/Pods/Pods-frameworks.sh\"\n";
			showEnvVarsInLog = 0;
		};
/* End PBXShellScriptBuildPhase section */

=======
>>>>>>> 5ca1fb94553c8ce7da9c7f13dd51f704bb7035d5
/* Begin PBXSourcesBuildPhase section */
		CD54278A1CAC0324003543AE /* Sources */ = {
			isa = PBXSourcesBuildPhase;
			buildActionMask = 2147483647;
			files = (
				CD125C521CAF5A7A00388AE8 /* HomeController.m in Sources */,
<<<<<<< HEAD
				E2FCB4B81CCF7EF100790B16 /* Common.m in Sources */,
				E2FCB4C01CCF834200790B16 /* GlobalData.m in Sources */,
				CD125C3A1CAF508800388AE8 /* MainController.m in Sources */,
				CD125C551CAF5A9600388AE8 /* ContactsController.m in Sources */,
				E2FCB4CD1CCFD59A00790B16 /* WYXCBaseResp.m in Sources */,
				CD125C581CAF5AB000388AE8 /* CalendarController.m in Sources */,
				E2FCB4D01CCFD66900790B16 /* LoginService.m in Sources */,
				CDF95AFD1CC4E3A900E6416B /* RegisterController.m in Sources */,
				CD5427961CAC0324003543AE /* AppDelegate.m in Sources */,
				E2FCB4BC1CCF82F600790B16 /* CacheUser.m in Sources */,
				CD110FD11CBF447300FCA6DC /* TestCoredataController.m in Sources */,
				CD110FD61CBF495F00FCA6DC /* RegisterEntity+CoreDataProperties.m in Sources */,
				E2FCB4B21CCF7DAB00790B16 /* HttpService.m in Sources */,
				CD110FC91CBF3F3C00FCA6DC /* Model.xcdatamodeld in Sources */,
				E2FCB4C91CCFD30300790B16 /* LoginController.m in Sources */,
				E22FD6481CCE36AE0060480A /* HttpController.m in Sources */,
=======
				CD125C3A1CAF508800388AE8 /* MainController.m in Sources */,
				CD125C551CAF5A9600388AE8 /* ContactsController.m in Sources */,
				CD125C581CAF5AB000388AE8 /* CalendarController.m in Sources */,
				CDF95AFD1CC4E3A900E6416B /* RegisterController.m in Sources */,
				CD5427961CAC0324003543AE /* AppDelegate.m in Sources */,
				CD110FCD1CBF441300FCA6DC /* LoginController.m in Sources */,
				CD110FD11CBF447300FCA6DC /* TestCoredataController.m in Sources */,
				CD110FD61CBF495F00FCA6DC /* RegisterEntity+CoreDataProperties.m in Sources */,
				CD110FC91CBF3F3C00FCA6DC /* Model.xcdatamodeld in Sources */,
>>>>>>> 5ca1fb94553c8ce7da9c7f13dd51f704bb7035d5
				CD110FD71CBF495F00FCA6DC /* RegisterEntity.m in Sources */,
				CD5427931CAC0324003543AE /* main.m in Sources */,
				CD125C5B1CAF5ACC00388AE8 /* DiscoveryController.m in Sources */,
				CD125C5E1CAF5ADE00388AE8 /* MeController.m in Sources */,
<<<<<<< HEAD
				E2FCB4D31CCFE51C00790B16 /* LoginResp.m in Sources */,
=======
>>>>>>> 5ca1fb94553c8ce7da9c7f13dd51f704bb7035d5
			);
			runOnlyForDeploymentPostprocessing = 0;
		};
/* End PBXSourcesBuildPhase section */

/* Begin PBXVariantGroup section */
		CD54279A1CAC0324003543AE /* Main.storyboard */ = {
			isa = PBXVariantGroup;
			children = (
				CD54279B1CAC0324003543AE /* Base */,
			);
			name = Main.storyboard;
			sourceTree = "<group>";
		};
		CD54279F1CAC0324003543AE /* LaunchScreen.storyboard */ = {
			isa = PBXVariantGroup;
			children = (
				CD5427A01CAC0324003543AE /* Base */,
			);
			name = LaunchScreen.storyboard;
			sourceTree = "<group>";
		};
/* End PBXVariantGroup section */

/* Begin XCBuildConfiguration section */
		CD5427A31CAC0324003543AE /* Debug */ = {
			isa = XCBuildConfiguration;
			buildSettings = {
				ALWAYS_SEARCH_USER_PATHS = NO;
				CLANG_CXX_LANGUAGE_STANDARD = "gnu++0x";
				CLANG_CXX_LIBRARY = "libc++";
				CLANG_ENABLE_MODULES = YES;
				CLANG_ENABLE_OBJC_ARC = YES;
				CLANG_WARN_BOOL_CONVERSION = YES;
				CLANG_WARN_CONSTANT_CONVERSION = YES;
				CLANG_WARN_DIRECT_OBJC_ISA_USAGE = YES_ERROR;
				CLANG_WARN_EMPTY_BODY = YES;
				CLANG_WARN_ENUM_CONVERSION = YES;
				CLANG_WARN_INT_CONVERSION = YES;
				CLANG_WARN_OBJC_ROOT_CLASS = YES_ERROR;
				CLANG_WARN_UNREACHABLE_CODE = YES;
				CLANG_WARN__DUPLICATE_METHOD_MATCH = YES;
				"CODE_SIGN_IDENTITY[sdk=iphoneos*]" = "iPhone Developer";
				COPY_PHASE_STRIP = NO;
				DEBUG_INFORMATION_FORMAT = dwarf;
				ENABLE_STRICT_OBJC_MSGSEND = YES;
				ENABLE_TESTABILITY = YES;
				GCC_C_LANGUAGE_STANDARD = gnu99;
				GCC_DYNAMIC_NO_PIC = NO;
				GCC_NO_COMMON_BLOCKS = YES;
				GCC_OPTIMIZATION_LEVEL = 0;
				GCC_PREPROCESSOR_DEFINITIONS = (
					"DEBUG=1",
					"$(inherited)",
				);
				GCC_WARN_64_TO_32_BIT_CONVERSION = YES;
				GCC_WARN_ABOUT_RETURN_TYPE = YES_ERROR;
				GCC_WARN_UNDECLARED_SELECTOR = YES;
				GCC_WARN_UNINITIALIZED_AUTOS = YES_AGGRESSIVE;
				GCC_WARN_UNUSED_FUNCTION = YES;
				GCC_WARN_UNUSED_VARIABLE = YES;
				IPHONEOS_DEPLOYMENT_TARGET = 9.2;
				MTL_ENABLE_DEBUG_INFO = YES;
				ONLY_ACTIVE_ARCH = YES;
				SDKROOT = iphoneos;
			};
			name = Debug;
		};
		CD5427A41CAC0324003543AE /* Release */ = {
			isa = XCBuildConfiguration;
			buildSettings = {
				ALWAYS_SEARCH_USER_PATHS = NO;
				CLANG_CXX_LANGUAGE_STANDARD = "gnu++0x";
				CLANG_CXX_LIBRARY = "libc++";
				CLANG_ENABLE_MODULES = YES;
				CLANG_ENABLE_OBJC_ARC = YES;
				CLANG_WARN_BOOL_CONVERSION = YES;
				CLANG_WARN_CONSTANT_CONVERSION = YES;
				CLANG_WARN_DIRECT_OBJC_ISA_USAGE = YES_ERROR;
				CLANG_WARN_EMPTY_BODY = YES;
				CLANG_WARN_ENUM_CONVERSION = YES;
				CLANG_WARN_INT_CONVERSION = YES;
				CLANG_WARN_OBJC_ROOT_CLASS = YES_ERROR;
				CLANG_WARN_UNREACHABLE_CODE = YES;
				CLANG_WARN__DUPLICATE_METHOD_MATCH = YES;
				"CODE_SIGN_IDENTITY[sdk=iphoneos*]" = "iPhone Developer";
				COPY_PHASE_STRIP = NO;
				DEBUG_INFORMATION_FORMAT = "dwarf-with-dsym";
				ENABLE_NS_ASSERTIONS = NO;
				ENABLE_STRICT_OBJC_MSGSEND = YES;
				GCC_C_LANGUAGE_STANDARD = gnu99;
				GCC_NO_COMMON_BLOCKS = YES;
				GCC_WARN_64_TO_32_BIT_CONVERSION = YES;
				GCC_WARN_ABOUT_RETURN_TYPE = YES_ERROR;
				GCC_WARN_UNDECLARED_SELECTOR = YES;
				GCC_WARN_UNINITIALIZED_AUTOS = YES_AGGRESSIVE;
				GCC_WARN_UNUSED_FUNCTION = YES;
				GCC_WARN_UNUSED_VARIABLE = YES;
				IPHONEOS_DEPLOYMENT_TARGET = 9.2;
				MTL_ENABLE_DEBUG_INFO = NO;
				SDKROOT = iphoneos;
				VALIDATE_PRODUCT = YES;
			};
			name = Release;
		};
		CD5427A61CAC0324003543AE /* Debug */ = {
			isa = XCBuildConfiguration;
<<<<<<< HEAD
			baseConfigurationReference = 124467268DC3A3F3D667D62E /* Pods.debug.xcconfig */;
=======
>>>>>>> 5ca1fb94553c8ce7da9c7f13dd51f704bb7035d5
			buildSettings = {
				ASSETCATALOG_COMPILER_APPICON_NAME = AppIcon;
				GCC_PREFIX_HEADER = wyxc/PrefixHeader.pch;
				INFOPLIST_FILE = wyxc/Info.plist;
				IPHONEOS_DEPLOYMENT_TARGET = 7.0;
				LD_RUNPATH_SEARCH_PATHS = "$(inherited) @executable_path/Frameworks";
				PRODUCT_BUNDLE_IDENTIFIER = com.gzlzinfo.wyxc;
				PRODUCT_NAME = "$(TARGET_NAME)";
			};
			name = Debug;
		};
		CD5427A71CAC0324003543AE /* Release */ = {
			isa = XCBuildConfiguration;
<<<<<<< HEAD
			baseConfigurationReference = 96E86BF82D20CD5D4236D26E /* Pods.release.xcconfig */;
=======
>>>>>>> 5ca1fb94553c8ce7da9c7f13dd51f704bb7035d5
			buildSettings = {
				ASSETCATALOG_COMPILER_APPICON_NAME = AppIcon;
				GCC_PREFIX_HEADER = wyxc/PrefixHeader.pch;
				INFOPLIST_FILE = wyxc/Info.plist;
				IPHONEOS_DEPLOYMENT_TARGET = 7.0;
				LD_RUNPATH_SEARCH_PATHS = "$(inherited) @executable_path/Frameworks";
				PRODUCT_BUNDLE_IDENTIFIER = com.gzlzinfo.wyxc;
				PRODUCT_NAME = "$(TARGET_NAME)";
			};
			name = Release;
		};
/* End XCBuildConfiguration section */

/* Begin XCConfigurationList section */
		CD5427891CAC0324003543AE /* Build configuration list for PBXProject "wyxc" */ = {
			isa = XCConfigurationList;
			buildConfigurations = (
				CD5427A31CAC0324003543AE /* Debug */,
				CD5427A41CAC0324003543AE /* Release */,
			);
			defaultConfigurationIsVisible = 0;
			defaultConfigurationName = Release;
		};
		CD5427A51CAC0324003543AE /* Build configuration list for PBXNativeTarget "wyxc" */ = {
			isa = XCConfigurationList;
			buildConfigurations = (
				CD5427A61CAC0324003543AE /* Debug */,
				CD5427A71CAC0324003543AE /* Release */,
			);
			defaultConfigurationIsVisible = 0;
			defaultConfigurationName = Release;
		};
/* End XCConfigurationList section */

/* Begin XCVersionGroup section */
		CD110FC71CBF3F3C00FCA6DC /* Model.xcdatamodeld */ = {
			isa = XCVersionGroup;
			children = (
				CD110FC81CBF3F3C00FCA6DC /* Model.xcdatamodel */,
			);
			currentVersion = CD110FC81CBF3F3C00FCA6DC /* Model.xcdatamodel */;
			path = Model.xcdatamodeld;
			sourceTree = "<group>";
			versionGroupType = wrapper.xcdatamodel;
		};
/* End XCVersionGroup section */
	};
	rootObject = CD5427861CAC0324003543AE /* Project object */;
}
